{
  "requires": true,
  "lockfileVersion": 1,
  "dependencies": {
    "babylonjs": {
      "version": "4.1.0",
      "resolved": "https://registry.npmjs.org/babylonjs/-/babylonjs-4.1.0.tgz",
      "integrity": "sha512-MnaH1BQIL+PYgqGaAvGVdP8yd7nM1j6sbQi/K/6+RlkHPxIETW2NbjqxiW7Sywgy7r3PwqWT/gxG4Bz95Z6/yA=="
    },
    "babylonjs-gltf2interface": {
      "version": "4.1.0",
      "resolved": "https://registry.npmjs.org/babylonjs-gltf2interface/-/babylonjs-gltf2interface-4.1.0.tgz",
      "integrity": "sha512-H2obg+4t8bcmLyzGiOQqmUaTQqTu+6mJUlsMWZvmRBf0k2fQVeTdAkH7aDy6HVIz/THvpIx4ntG1Lsyquvmc5Q=="
    },
    "babylonjs-loaders": {
      "version": "4.1.0",
      "resolved": "https://registry.npmjs.org/babylonjs-loaders/-/babylonjs-loaders-4.1.0.tgz",
      "integrity": "sha512-gNC+XEVI5cLJLVRTlkFHVfSY4EZS0VzWzEmNb8M49ZMFNuqOuHsVnQZg4Vms9e4LgvNtws4Z0SWrRanZnkIX5g==",
      "requires": {
        "babylonjs": "4.1.0",
        "babylonjs-gltf2interface": "4.1.0"
      }
    }
  }
}
